
Microsoft Visual Studio Solution File, Format Version 12.00
# Visual Studio 15
VisualStudioVersion = 15.0.28307.852
MinimumVisualStudioVersion = 10.0.40219.1
Project("{FAE04EC0-301F-11D3-BF4B-00C04F79EFBC}") = "MvpTest", "MvpTest\MvpTest.csproj", "{2DD4A46A-8183-4096-84A8-6BF7E0A6BC9C}"
EndProject
Global
	GlobalSection(SolutionConfigurationPlatforms) = preSolution
		Debug|Any CPU = Debug|Any CPU
		Release|Any CPU = Release|Any CPU
	EndGlobalSection
	GlobalSection(ProjectConfigurationPlatforms) = postSolution
		{2DD4A46A-8183-4096-84A8-6BF7E0A6BC9C}.Debug|Any CPU.ActiveCfg = Debug|Any CPU
		{2DD4A46A-8183-4096-84A8-6BF7E0A6BC9C}.Debug|Any CPU.Build.0 = Debug|Any CPU
		{2DD4A46A-8183-4096-84A8-6BF7E0A6BC9C}.Release|Any CPU.ActiveCfg = Release|Any CPU
		{2DD4A46A-8183-4096-84A8-6BF7E0A6BC9C}.Release|Any CPU.Build.0 = Release|Any CPU
	EndGlobalSection
	GlobalSection(SolutionProperties) = preSolution
		HideSolutionNode = FALSE
	EndGlobalSection
	GlobalSection(ExtensibilityGlobals) = postSolution
		SolutionGuid = {CF645A25-1B75-4AAF-8049-71D0B74203F6}
	EndGlobalSection
EndGlobal
